
Microsoft Visual Studio Solution File, Format Version 12.00
# Visual Studio Version 17
VisualStudioVersion = 17.2.32616.157
MinimumVisualStudioVersion = 10.0.40219.1
Project("{9A19103F-16F7-4668-BE54-9A1E7A4F7556}") = "WhereToEat.Core", "WhereToEat.Core\WhereToEat.Core.csproj", "{45479271-EDB5-4ACB-BD6D-217B7DCE82EC}"
EndProject
Project("{9A19103F-16F7-4668-BE54-9A1E7A4F7556}") = "WhereToEat.Data", "WhereToEat.Data\WhereToEat.Data.csproj", "{3C492616-D942-473E-8A55-D9FAECD5FCC1}"
EndProject
Project("{9A19103F-16F7-4668-BE54-9A1E7A4F7556}") = "WhereToEat.Services", "WhereToEat.Services\WhereToEat.Services.csproj", "{61AFFBD2-9392-4AA7-A68D-A29378937D77}"
EndProject
Project("{9A19103F-16F7-4668-BE54-9A1E7A4F7556}") = "WhereToEat.Tests", "WhereToEat.Tests\WhereToEat.Tests.csproj", "{19953AC9-AA45-42EF-B4D2-A54DDD8538F8}"
EndProject
Project("{FAE04EC0-301F-11D3-BF4B-00C04F79EFBC}") = "WhereToEat.Backend", "WhereToEat.Backend\WhereToEat.Backend.csproj", "{1CC85FF3-CAB8-4E06-9EE2-B5C3CB77623A}"
EndProject
Global
	GlobalSection(SolutionConfigurationPlatforms) = preSolution
		Debug|Any CPU = Debug|Any CPU
		Release|Any CPU = Release|Any CPU
	EndGlobalSection
	GlobalSection(ProjectConfigurationPlatforms) = postSolution
		{45479271-EDB5-4ACB-BD6D-217B7DCE82EC}.Debug|Any CPU.ActiveCfg = Debug|Any CPU
		{45479271-EDB5-4ACB-BD6D-217B7DCE82EC}.Debug|Any CPU.Build.0 = Debug|Any CPU
		{45479271-EDB5-4ACB-BD6D-217B7DCE82EC}.Release|Any CPU.ActiveCfg = Release|Any CPU
		{45479271-EDB5-4ACB-BD6D-217B7DCE82EC}.Release|Any CPU.Build.0 = Release|Any CPU
		{3C492616-D942-473E-8A55-D9FAECD5FCC1}.Debug|Any CPU.ActiveCfg = Debug|Any CPU
		{3C492616-D942-473E-8A55-D9FAECD5FCC1}.Debug|Any CPU.Build.0 = Debug|Any CPU
		{3C492616-D942-473E-8A55-D9FAECD5FCC1}.Release|Any CPU.ActiveCfg = Release|Any CPU
		{3C492616-D942-473E-8A55-D9FAECD5FCC1}.Release|Any CPU.Build.0 = Release|Any CPU
		{61AFFBD2-9392-4AA7-A68D-A29378937D77}.Debug|Any CPU.ActiveCfg = Debug|Any CPU
		{61AFFBD2-9392-4AA7-A68D-A29378937D77}.Debug|Any CPU.Build.0 = Debug|Any CPU
		{61AFFBD2-9392-4AA7-A68D-A29378937D77}.Release|Any CPU.ActiveCfg = Release|Any CPU
		{61AFFBD2-9392-4AA7-A68D-A29378937D77}.Release|Any CPU.Build.0 = Release|Any CPU
		{19953AC9-AA45-42EF-B4D2-A54DDD8538F8}.Debug|Any CPU.ActiveCfg = Debug|Any CPU
		{19953AC9-AA45-42EF-B4D2-A54DDD8538F8}.Debug|Any CPU.Build.0 = Debug|Any CPU
		{19953AC9-AA45-42EF-B4D2-A54DDD8538F8}.Release|Any CPU.ActiveCfg = Release|Any CPU
		{19953AC9-AA45-42EF-B4D2-A54DDD8538F8}.Release|Any CPU.Build.0 = Release|Any CPU
		{1CC85FF3-CAB8-4E06-9EE2-B5C3CB77623A}.Debug|Any CPU.ActiveCfg = Debug|Any CPU
		{1CC85FF3-CAB8-4E06-9EE2-B5C3CB77623A}.Debug|Any CPU.Build.0 = Debug|Any CPU
		{1CC85FF3-CAB8-4E06-9EE2-B5C3CB77623A}.Release|Any CPU.ActiveCfg = Release|Any CPU
		{1CC85FF3-CAB8-4E06-9EE2-B5C3CB77623A}.Release|Any CPU.Build.0 = Release|Any CPU
	EndGlobalSection
	GlobalSection(SolutionProperties) = preSolution
		HideSolutionNode = FALSE
	EndGlobalSection
	GlobalSection(ExtensibilityGlobals) = postSolution
		SolutionGuid = {ED0531A5-72D2-47C4-9E3C-5CE864730457}
	EndGlobalSection
EndGlobal
